
Microsoft Visual Studio Solution File, Format Version 12.00
# Visual Studio 15
VisualStudioVersion = 15.0.28307.757
MinimumVisualStudioVersion = 10.0.40219.1
Project("{FAE04EC0-301F-11D3-BF4B-00C04F79EFBC}") = "Prototype", "Prototype\Prototype.csproj", "{E550AFB3-23DF-4E27-A768-BA44E17552F1}"
EndProject
Global
	GlobalSection(SolutionConfigurationPlatforms) = preSolution
		Debug|Any CPU = Debug|Any CPU
		Release|Any CPU = Release|Any CPU
	EndGlobalSection
	GlobalSection(ProjectConfigurationPlatforms) = postSolution
		{E550AFB3-23DF-4E27-A768-BA44E17552F1}.Debug|Any CPU.ActiveCfg = Debug|Any CPU
		{E550AFB3-23DF-4E27-A768-BA44E17552F1}.Debug|Any CPU.Build.0 = Debug|Any CPU
		{E550AFB3-23DF-4E27-A768-BA44E17552F1}.Release|Any CPU.ActiveCfg = Release|Any CPU
		{E550AFB3-23DF-4E27-A768-BA44E17552F1}.Release|Any CPU.Build.0 = Release|Any CPU
	EndGlobalSection
	GlobalSection(SolutionProperties) = preSolution
		HideSolutionNode = FALSE
	EndGlobalSection
	GlobalSection(ExtensibilityGlobals) = postSolution
		SolutionGuid = {60C7E5B0-B681-4412-A4AD-42D2D0BB6A9C}
	EndGlobalSection
EndGlobal
